// !$*UTF8*$!
{
	archiveVersion = 1;
	classes = {
	};
	objectVersion = 46;
	objects = {

/* Begin PBXBuildFile section */
		713758571D74D6A0002F9973 /* CalculatorBrain.swift in Sources */ = {isa = PBXBuildFile; fileRef = 713758561D74D6A0002F9973 /* CalculatorBrain.swift */; };
		718D597B1D62437200A8868E /* AppDelegate.swift in Sources */ = {isa = PBXBuildFile; fileRef = 718D597A1D62437200A8868E /* AppDelegate.swift */; };
		718D597D1D62437200A8868E /* ViewController.swift in Sources */ = {isa = PBXBuildFile; fileRef = 718D597C1D62437200A8868E /* ViewController.swift */; };
		718D59801D62437200A8868E /* Main.storyboard in Resources */ = {isa = PBXBuildFile; fileRef = 718D597E1D62437200A8868E /* Main.storyboard */; };
		718D59821D62437200A8868E /* Assets.xcassets in Resources */ = {isa = PBXBuildFile; fileRef = 718D59811D62437200A8868E /* Assets.xcassets */; };
		718D59851D62437200A8868E /* LaunchScreen.storyboard in Resources */ = {isa = PBXBuildFile; fileRef = 718D59831D62437200A8868E /* LaunchScreen.storyboard */; };
		71B4EDB31DFA2A10000DF545 /* README.md in Sources */ = {isa = PBXBuildFile; fileRef = 71B4EDB21DFA2A10000DF545 /* README.md */; };
		71B4EDB51DFA5258000DF545 /* Programming Project 1_ Calculator.pdf in Resources */ = {isa = PBXBuildFile; fileRef = 71B4EDB41DFA5258000DF545 /* Programming Project 1_ Calculator.pdf */; };
/* End PBXBuildFile section */

/* Begin PBXFileReference section */
		713758561D74D6A0002F9973 /* CalculatorBrain.swift */ = {isa = PBXFileReference; fileEncoding = 4; lastKnownFileType = sourcecode.swift; path = CalculatorBrain.swift; sourceTree = "<group>"; };
		718D59771D62437200A8868E /* Calculator.app */ = {isa = PBXFileReference; explicitFileType = wrapper.application; includeInIndex = 0; path = Calculator.app; sourceTree = BUILT_PRODUCTS_DIR; };
		718D597A1D62437200A8868E /* AppDelegate.swift */ = {isa = PBXFileReference; lastKnownFileType = sourcecode.swift; path = AppDelegate.swift; sourceTree = "<group>"; };
		718D597C1D62437200A8868E /* ViewController.swift */ = {isa = PBXFileReference; lastKnownFileType = sourcecode.swift; path = ViewController.swift; sourceTree = "<group>"; };
		718D597F1D62437200A8868E /* Base */ = {isa = PBXFileReference; lastKnownFileType = file.storyboard; name = Base; path = Base.lproj/Main.storyboard; sourceTree = "<group>"; };
		718D59811D62437200A8868E /* Assets.xcassets */ = {isa = PBXFileReference; lastKnownFileType = folder.assetcatalog; path = Assets.xcassets; sourceTree = "<group>"; };
		718D59841D62437200A8868E /* Base */ = {isa = PBXFileReference; lastKnownFileType = file.storyboard; name = Base; path = Base.lproj/LaunchScreen.storyboard; sourceTree = "<group>"; };
		718D59861D62437200A8868E /* Info.plist */ = {isa = PBXFileReference; lastKnownFileType = text.plist.xml; path = Info.plist; sourceTree = "<group>"; };
		71B4EDB21DFA2A10000DF545 /* README.md */ = {isa = PBXFileReference; fileEncoding = 4; lastKnownFileType = net.daringfireball.markdown; path = README.md; sourceTree = "<group>"; };
		71B4EDB41DFA5258000DF545 /* Programming Project 1_ Calculator.pdf */ = {isa = PBXFileReference; lastKnownFileType = image.pdf; path = "Programming Project 1_ Calculator.pdf"; sourceTree = SOURCE_ROOT; };
/* End PBXFileReference section */

/* Begin PBXFrameworksBuildPhase section */
		718D59741D62437200A8868E /* Frameworks */ = {
			isa = PBXFrameworksBuildPhase;
			buildActionMask = 2147483647;
			files = (
			);
			runOnlyForDeploymentPostprocessing = 0;
		};
/* End PBXFrameworksBuildPhase section */

/* Begin PBXGroup section */
		718D596E1D62437200A8868E = {
			isa = PBXGroup;
			children = (
				71B4EDB21DFA2A10000DF545 /* README.md */,
				718D59791D62437200A8868E /* Calculator */,
				718D59781D62437200A8868E /* Products */,
			);
			sourceTree = "<group>";
		};
		718D59781D62437200A8868E /* Products */ = {
			isa = PBXGroup;
			children = (
				718D59771D62437200A8868E /* Calculator.app */,
			);
			name = Products;
			sourceTree = "<group>";
		};
		718D59791D62437200A8868E /* Calculator */ = {
			isa = PBXGroup;
			children = (
				718D598C1D6246B300A8868E /* Supporting Files */,
				718D597C1D62437200A8868E /* ViewController.swift */,
				718D597E1D62437200A8868E /* Main.storyboard */,
				713758561D74D6A0002F9973 /* CalculatorBrain.swift */,
				71B4EDB41DFA5258000DF545 /* Programming Project 1_ Calculator.pdf */,
			);
			path = Calculator;
			sourceTree = "<group>";
		};
		718D598C1D6246B300A8868E /* Supporting Files */ = {
			isa = PBXGroup;
			children = (
				718D597A1D62437200A8868E /* AppDelegate.swift */,
				718D59811D62437200A8868E /* Assets.xcassets */,
				718D59831D62437200A8868E /* LaunchScreen.storyboard */,
				718D59861D62437200A8868E /* Info.plist */,
			);
			name = "Supporting Files";
			sourceTree = "<group>";
		};
/* End PBXGroup section */

/* Begin PBXNativeTarget section */
		718D59761D62437200A8868E /* Calculator */ = {
			isa = PBXNativeTarget;
			buildConfigurationList = 718D59891D62437200A8868E /* Build configuration list for PBXNativeTarget "Calculator" */;
			buildPhases = (
				718D59731D62437200A8868E /* Sources */,
				718D59741D62437200A8868E /* Frameworks */,
				718D59751D62437200A8868E /* Resources */,
			);
			buildRules = (
			);
			dependencies = (
			);
			name = Calculator;
			productName = Calculator;
			productReference = 718D59771D62437200A8868E /* Calculator.app */;
			productType = "com.apple.product-type.application";
		};
/* End PBXNativeTarget section */

/* Begin PBXProject section */
		718D596F1D62437200A8868E /* Project object */ = {
			isa = PBXProject;
			attributes = {
				LastSwiftUpdateCheck = 0730;
				LastUpgradeCheck = 0730;
				ORGANIZATIONNAME = martynov;
				TargetAttributes = {
					718D59761D62437200A8868E = {
						CreatedOnToolsVersion = 7.3.1;
					};
				};
			};
			buildConfigurationList = 718D59721D62437200A8868E /* Build configuration list for PBXProject "Calculator" */;
			compatibilityVersion = "Xcode 3.2";
			developmentRegion = English;
			hasScannedForEncodings = 0;
			knownRegions = (
				en,
				Base,
			);
			mainGroup = 718D596E1D62437200A8868E;
			productRefGroup = 718D59781D62437200A8868E /* Products */;
			projectDirPath = "";
			projectRoot = "";
			targets = (
				718D59761D62437200A8868E /* Calculator */,
			);
		};
/* End PBXProject section */

/* Begin PBXResourcesBuildPhase section */
		718D59751D62437200A8868E /* Resources */ = {
			isa = PBXResourcesBuildPhase;
			buildActionMask = 2147483647;
			files = (
				718D59851D62437200A8868E /* LaunchScreen.storyboard in Resources */,
				71B4EDB51DFA5258000DF545 /* Programming Project 1_ Calculator.pdf in Resources */,
				718D59821D62437200A8868E /* Assets.xcassets in Resources */,
				718D59801D62437200A8868E /* Main.storyboard in Resources */,
			);
			runOnlyForDeploymentPostprocessing = 0;
		};
/* End PBXResourcesBuildPhase section */

/* Begin PBXSourcesBuildPhase section */
		718D59731D62437200A8868E /* Sources */ = {
			isa = PBXSourcesBuildPhase;
			buildActionMask = 2147483647;
			files = (
				713758571D74D6A0002F9973 /* CalculatorBrain.swift in Sources */,
				718D597D1D62437200A8868E /* ViewController.swift in Sources */,
				71B4EDB31DFA2A10000DF545 /* README.md in Sources */,
				718D597B1D62437200A8868E /* AppDelegate.swift in Sources */,
			);
			runOnlyForDeploymentPostprocessing = 0;
		};
/* End PBXSourcesBuildPhase section */

/* Begin PBXVariantGroup section */
		718D597E1D62437200A8868E /* Main.storyboard */ = {
			isa = PBXVariantGroup;
			children = (
				718D597F1D62437200A8868E /* Base */,
			);
			name = Main.storyboard;
			sourceTree = "<group>";
		};
		718D59831D62437200A8868E /* LaunchScreen.storyboard */ = {
			isa = PBXVariantGroup;
			children = (
				718D59841D62437200A8868E /* Base */,
			);
			name = LaunchScreen.storyboard;
			sourceTree = "<group>";
		};
/* End PBXVariantGroup section */

/* Begin XCBuildConfiguration section */
		718D59871D62437200A8868E /* Debug */ = {
			isa = XCBuildConfiguration;
			buildSettings = {
				ALWAYS_SEARCH_USER_PATHS = NO;
				CLANG_ANALYZER_NONNULL = YES;
				CLANG_CXX_LANGUAGE_STANDARD = "gnu++0x";
				CLANG_CXX_LIBRARY = "libc++";
				CLANG_ENABLE_MODULES = YES;
				CLANG_ENABLE_OBJC_ARC = YES;
				CLANG_WARN_BOOL_CONVERSION = YES;
				CLANG_WARN_CONSTANT_CONVERSION = YES;
				CLANG_WARN_DIRECT_OBJC_ISA_USAGE = YES_ERROR;
				CLANG_WARN_EMPTY_BODY = YES;
				CLANG_WARN_ENUM_CONVERSION = YES;
				CLANG_WARN_INT_CONVERSION = YES;
				CLANG_WARN_OBJC_ROOT_CLASS = YES_ERROR;
				CLANG_WARN_UNREACHABLE_CODE = YES;
				CLANG_WARN__DUPLICATE_METHOD_MATCH = YES;
				"CODE_SIGN_IDENTITY[sdk=iphoneos*]" = "iPhone Developer";
				COPY_PHASE_STRIP = NO;
				DEBUG_INFORMATION_FORMAT = dwarf;
				ENABLE_STRICT_OBJC_MSGSEND = YES;
				ENABLE_TESTABILITY = YES;
				GCC_C_LANGUAGE_STANDARD = gnu99;
				GCC_DYNAMIC_NO_PIC = NO;
				GCC_NO_COMMON_BLOCKS = YES;
				GCC_OPTIMIZATION_LEVEL = 0;
				GCC_PREPROCESSOR_DEFINITIONS = (
					"DEBUG=1",
					"$(inherited)",
				);
				GCC_WARN_64_TO_32_BIT_CONVERSION = YES;
				GCC_WARN_ABOUT_RETURN_TYPE = YES_ERROR;
				GCC_WARN_UNDECLARED_SELECTOR = YES;
				GCC_WARN_UNINITIALIZED_AUTOS = YES_AGGRESSIVE;
				GCC_WARN_UNUSED_FUNCTION = YES;
				GCC_WARN_UNUSED_VARIABLE = YES;
				IPHONEOS_DEPLOYMENT_TARGET = 9.3;
				MTL_ENABLE_DEBUG_INFO = YES;
				ONLY_ACTIVE_ARCH = YES;
				SDKROOT = iphoneos;
				SWIFT_OPTIMIZATION_LEVEL = "-Onone";
				TARGETED_DEVICE_FAMILY = "1,2";
			};
			name = Debug;
		};
		718D59881D62437200A8868E /* Release */ = {
			isa = XCBuildConfiguration;
			buildSettings = {
				ALWAYS_SEARCH_USER_PATHS = NO;
				CLANG_ANALYZER_NONNULL = YES;
				CLANG_CXX_LANGUAGE_STANDARD = "gnu++0x";
				CLANG_CXX_LIBRARY = "libc++";
				CLANG_ENABLE_MODULES = YES;
				CLANG_ENABLE_OBJC_ARC = YES;
				CLANG_WARN_BOOL_CONVERSION = YES;
				CLANG_WARN_CONSTANT_CONVERSION = YES;
				CLANG_WARN_DIRECT_OBJC_ISA_USAGE = YES_ERROR;
				CLANG_WARN_EMPTY_BODY = YES;
				CLANG_WARN_ENUM_CONVERSION = YES;
				CLANG_WARN_INT_CONVERSION = YES;
				CLANG_WARN_OBJC_ROOT_CLASS = YES_ERROR;
				CLANG_WARN_UNREACHABLE_CODE = YES;
				CLANG_WARN__DUPLICATE_METHOD_MATCH = YES;
				"CODE_SIGN_IDENTITY[sdk=iphoneos*]" = "iPhone Developer";
				COPY_PHASE_STRIP = NO;
				DEBUG_INFORMATION_FORMAT = "dwarf-with-dsym";
				ENABLE_NS_ASSERTIONS = NO;
				ENABLE_STRICT_OBJC_MSGSEND = YES;
				GCC_C_LANGUAGE_STANDARD = gnu99;
				GCC_NO_COMMON_BLOCKS = YES;
				GCC_WARN_64_TO_32_BIT_CONVERSION = YES;
				GCC_WARN_ABOUT_RETURN_TYPE = YES_ERROR;
				GCC_WARN_UNDECLARED_SELECTOR = YES;
				GCC_WARN_UNINITIALIZED_AUTOS = YES_AGGRESSIVE;
				GCC_WARN_UNUSED_FUNCTION = YES;
				GCC_WARN_UNUSED_VARIABLE = YES;
				IPHONEOS_DEPLOYMENT_TARGET = 9.3;
				MTL_ENABLE_DEBUG_INFO = NO;
				SDKROOT = iphoneos;
				TARGETED_DEVICE_FAMILY = "1,2";
				VALIDATE_PRODUCT = YES;
			};
			name = Release;
		};
		718D598A1D62437200A8868E /* Debug */ = {
			isa = XCBuildConfiguration;
			buildSettings = {
				ASSETCATALOG_COMPILER_APPICON_NAME = AppIcon;
				INFOPLIST_FILE = Calculator/Info.plist;
				LD_RUNPATH_SEARCH_PATHS = "$(inherited) @executable_path/Frameworks";
				PRODUCT_BUNDLE_IDENTIFIER = home.Calculator;
				PRODUCT_NAME = "$(TARGET_NAME)";
			};
			name = Debug;
		};
		718D598B1D62437200A8868E /* Release */ = {
			isa = XCBuildConfiguration;
			buildSettings = {
				ASSETCATALOG_COMPILER_APPICON_NAME = AppIcon;
				INFOPLIST_FILE = Calculator/Info.plist;
				LD_RUNPATH_SEARCH_PATHS = "$(inherited) @executable_path/Frameworks";
				PRODUCT_BUNDLE_IDENTIFIER = home.Calculator;
				PRODUCT_NAME = "$(TARGET_NAME)";
			};
			name = Release;
		};
/* End XCBuildConfiguration section */

/* Begin XCConfigurationList section */
		718D59721D62437200A8868E /* Build configuration list for PBXProject "Calculator" */ = {
			isa = XCConfigurationList;
			buildConfigurations = (
				718D59871D62437200A8868E /* Debug */,
				718D59881D62437200A8868E /* Release */,
			);
			defaultConfigurationIsVisible = 0;
			defaultConfigurationName = Release;
		};
		718D59891D62437200A8868E /* Build configuration list for PBXNativeTarget "Calculator" */ = {
			isa = XCConfigurationList;
			buildConfigurations = (
				718D598A1D62437200A8868E /* Debug */,
				718D598B1D62437200A8868E /* Release */,
			);
			defaultConfigurationIsVisible = 0;
			defaultConfigurationName = Release;
		};
/* End XCConfigurationList section */
	};
	rootObject = 718D596F1D62437200A8868E /* Project object */;
}
